// !$*UTF8*$!
{
	archiveVersion = 1;
	classes = {
	};
	objectVersion = 56;
	objects = {

/* Begin PBXBuildFile section */
		81C80D012C6CB094401CB999 /* Pods_ToDo_List.framework in Frameworks */ = {isa = PBXBuildFile; fileRef = 37C8DE0D21DFDEFB3D23F16F /* Pods_ToDo_List.framework */; };
		843F16B32A0925FD00F88BA8 /* ItemManager.swift in Sources */ = {isa = PBXBuildFile; fileRef = 843F16B22A0925FD00F88BA8 /* ItemManager.swift */; };
		844190D829DEF83100C5BF39 /* AppDelegate.swift in Sources */ = {isa = PBXBuildFile; fileRef = 844190D729DEF83100C5BF39 /* AppDelegate.swift */; };
		844190DA29DEF83100C5BF39 /* SceneDelegate.swift in Sources */ = {isa = PBXBuildFile; fileRef = 844190D929DEF83100C5BF39 /* SceneDelegate.swift */; };
		844190DC29DEF83100C5BF39 /* ItemsViewController.swift in Sources */ = {isa = PBXBuildFile; fileRef = 844190DB29DEF83100C5BF39 /* ItemsViewController.swift */; };
		844190E229DEF83100C5BF39 /* ToDo_List.xcdatamodeld in Sources */ = {isa = PBXBuildFile; fileRef = 844190E029DEF83100C5BF39 /* ToDo_List.xcdatamodeld */; };
		844190E429DEF83600C5BF39 /* Assets.xcassets in Resources */ = {isa = PBXBuildFile; fileRef = 844190E329DEF83600C5BF39 /* Assets.xcassets */; };
		844190E729DEF83600C5BF39 /* LaunchScreen.storyboard in Resources */ = {isa = PBXBuildFile; fileRef = 844190E529DEF83600C5BF39 /* LaunchScreen.storyboard */; };
		8495248D2A264B1A002E5112 /* CreateViewController.swift in Sources */ = {isa = PBXBuildFile; fileRef = 8495248C2A264B19002E5112 /* CreateViewController.swift */; };
		8495248F2A270399002E5112 /* Constants.swift in Sources */ = {isa = PBXBuildFile; fileRef = 8495248E2A270399002E5112 /* Constants.swift */; };
		84A5152C2A259E3600EF4BF5 /* SectionManager.swift in Sources */ = {isa = PBXBuildFile; fileRef = 84A5152B2A259E3600EF4BF5 /* SectionManager.swift */; };
		84B2A9A82A02944C0019DECF /* MainTableViewCell.swift in Sources */ = {isa = PBXBuildFile; fileRef = 84B2A9A72A02944B0019DECF /* MainTableViewCell.swift */; };
		84B2A9AD2A02A6AD0019DECF /* SectionViewController.swift in Sources */ = {isa = PBXBuildFile; fileRef = 84B2A9AC2A02A6AD0019DECF /* SectionViewController.swift */; };
/* End PBXBuildFile section */

/* Begin PBXFileReference section */
		081E74F4281BCF03168CE451 /* Pods-ToDo List.release.xcconfig */ = {isa = PBXFileReference; includeInIndex = 1; lastKnownFileType = text.xcconfig; name = "Pods-ToDo List.release.xcconfig"; path = "Target Support Files/Pods-ToDo List/Pods-ToDo List.release.xcconfig"; sourceTree = "<group>"; };
		16A1A5DC3D0786205EFAFD69 /* Pods-ToDo List.debug.xcconfig */ = {isa = PBXFileReference; includeInIndex = 1; lastKnownFileType = text.xcconfig; name = "Pods-ToDo List.debug.xcconfig"; path = "Target Support Files/Pods-ToDo List/Pods-ToDo List.debug.xcconfig"; sourceTree = "<group>"; };
		37C8DE0D21DFDEFB3D23F16F /* Pods_ToDo_List.framework */ = {isa = PBXFileReference; explicitFileType = wrapper.framework; includeInIndex = 0; path = Pods_ToDo_List.framework; sourceTree = BUILT_PRODUCTS_DIR; };
		843F16B22A0925FD00F88BA8 /* ItemManager.swift */ = {isa = PBXFileReference; lastKnownFileType = sourcecode.swift; path = ItemManager.swift; sourceTree = "<group>"; };
		844190D429DEF83100C5BF39 /* ToDo List.app */ = {isa = PBXFileReference; explicitFileType = wrapper.application; includeInIndex = 0; path = "ToDo List.app"; sourceTree = BUILT_PRODUCTS_DIR; };
		844190D729DEF83100C5BF39 /* AppDelegate.swift */ = {isa = PBXFileReference; lastKnownFileType = sourcecode.swift; path = AppDelegate.swift; sourceTree = "<group>"; };
		844190D929DEF83100C5BF39 /* SceneDelegate.swift */ = {isa = PBXFileReference; lastKnownFileType = sourcecode.swift; path = SceneDelegate.swift; sourceTree = "<group>"; };
		844190DB29DEF83100C5BF39 /* ItemsViewController.swift */ = {isa = PBXFileReference; lastKnownFileType = sourcecode.swift; path = ItemsViewController.swift; sourceTree = "<group>"; };
		844190E129DEF83100C5BF39 /* ToDo_List.xcdatamodel */ = {isa = PBXFileReference; lastKnownFileType = wrapper.xcdatamodel; path = ToDo_List.xcdatamodel; sourceTree = "<group>"; };
		844190E329DEF83600C5BF39 /* Assets.xcassets */ = {isa = PBXFileReference; lastKnownFileType = folder.assetcatalog; path = Assets.xcassets; sourceTree = "<group>"; };
		844190E629DEF83600C5BF39 /* Base */ = {isa = PBXFileReference; lastKnownFileType = file.storyboard; name = Base; path = Base.lproj/LaunchScreen.storyboard; sourceTree = "<group>"; };
		844190E829DEF83600C5BF39 /* Info.plist */ = {isa = PBXFileReference; lastKnownFileType = text.plist.xml; path = Info.plist; sourceTree = "<group>"; };
		8495248C2A264B19002E5112 /* CreateViewController.swift */ = {isa = PBXFileReference; lastKnownFileType = sourcecode.swift; path = CreateViewController.swift; sourceTree = "<group>"; };
		8495248E2A270399002E5112 /* Constants.swift */ = {isa = PBXFileReference; lastKnownFileType = sourcecode.swift; path = Constants.swift; sourceTree = "<group>"; };
		84A5152B2A259E3600EF4BF5 /* SectionManager.swift */ = {isa = PBXFileReference; fileEncoding = 4; lastKnownFileType = sourcecode.swift; path = SectionManager.swift; sourceTree = "<group>"; };
		84B2A9A72A02944B0019DECF /* MainTableViewCell.swift */ = {isa = PBXFileReference; lastKnownFileType = sourcecode.swift; path = MainTableViewCell.swift; sourceTree = "<group>"; };
		84B2A9AC2A02A6AD0019DECF /* SectionViewController.swift */ = {isa = PBXFileReference; lastKnownFileType = sourcecode.swift; path = SectionViewController.swift; sourceTree = "<group>"; };
/* End PBXFileReference section */

/* Begin PBXFrameworksBuildPhase section */
		844190D129DEF83100C5BF39 /* Frameworks */ = {
			isa = PBXFrameworksBuildPhase;
			buildActionMask = 2147483647;
			files = (
				81C80D012C6CB094401CB999 /* Pods_ToDo_List.framework in Frameworks */,
			);
			runOnlyForDeploymentPostprocessing = 0;
		};
/* End PBXFrameworksBuildPhase section */

/* Begin PBXGroup section */
		72470564BAD573DC87C72D8F /* Pods */ = {
			isa = PBXGroup;
			children = (
				16A1A5DC3D0786205EFAFD69 /* Pods-ToDo List.debug.xcconfig */,
				081E74F4281BCF03168CE451 /* Pods-ToDo List.release.xcconfig */,
			);
			path = Pods;
			sourceTree = "<group>";
		};
		844190CB29DEF83000C5BF39 = {
			isa = PBXGroup;
			children = (
				844190D629DEF83100C5BF39 /* ToDo List */,
				844190D529DEF83100C5BF39 /* Products */,
				72470564BAD573DC87C72D8F /* Pods */,
				98B6C445DBD8A0D2E2840D8E /* Frameworks */,
			);
			sourceTree = "<group>";
		};
		844190D529DEF83100C5BF39 /* Products */ = {
			isa = PBXGroup;
			children = (
				844190D429DEF83100C5BF39 /* ToDo List.app */,
			);
			name = Products;
			sourceTree = "<group>";
		};
		844190D629DEF83100C5BF39 /* ToDo List */ = {
			isa = PBXGroup;
			children = (
				844190D729DEF83100C5BF39 /* AppDelegate.swift */,
				844190D929DEF83100C5BF39 /* SceneDelegate.swift */,
				84B2A9A92A02A6720019DECF /* Model */,
				84B2A9AA2A02A6800019DECF /* View */,
				84B2A9AB2A02A6890019DECF /* Controller */,
				8495248E2A270399002E5112 /* Constants.swift */,
				844190E329DEF83600C5BF39 /* Assets.xcassets */,
				844190E529DEF83600C5BF39 /* LaunchScreen.storyboard */,
				844190E829DEF83600C5BF39 /* Info.plist */,
				844190E029DEF83100C5BF39 /* ToDo_List.xcdatamodeld */,
			);
			path = "ToDo List";
			sourceTree = "<group>";
		};
		84B2A9A92A02A6720019DECF /* Model */ = {
			isa = PBXGroup;
			children = (
				843F16B22A0925FD00F88BA8 /* ItemManager.swift */,
				84A5152B2A259E3600EF4BF5 /* SectionManager.swift */,
			);
			path = Model;
			sourceTree = "<group>";
		};
		84B2A9AA2A02A6800019DECF /* View */ = {
			isa = PBXGroup;
			children = (
				84B2A9A72A02944B0019DECF /* MainTableViewCell.swift */,
			);
			path = View;
			sourceTree = "<group>";
		};
		84B2A9AB2A02A6890019DECF /* Controller */ = {
			isa = PBXGroup;
			children = (
				84B2A9AC2A02A6AD0019DECF /* SectionViewController.swift */,
				844190DB29DEF83100C5BF39 /* ItemsViewController.swift */,
				8495248C2A264B19002E5112 /* CreateViewController.swift */,
			);
			path = Controller;
			sourceTree = "<group>";
		};
		98B6C445DBD8A0D2E2840D8E /* Frameworks */ = {
			isa = PBXGroup;
			children = (
				37C8DE0D21DFDEFB3D23F16F /* Pods_ToDo_List.framework */,
			);
			name = Frameworks;
			sourceTree = "<group>";
		};
/* End PBXGroup section */

/* Begin PBXNativeTarget section */
		844190D329DEF83100C5BF39 /* ToDo List */ = {
			isa = PBXNativeTarget;
			buildConfigurationList = 844190EB29DEF83600C5BF39 /* Build configuration list for PBXNativeTarget "ToDo List" */;
			buildPhases = (
				20A3FD85FF1992C5EBF332C5 /* [CP] Check Pods Manifest.lock */,
				844190D029DEF83100C5BF39 /* Sources */,
				844190D129DEF83100C5BF39 /* Frameworks */,
				844190D229DEF83100C5BF39 /* Resources */,
				3C2E66ED6F7D4513FDFECB0D /* [CP] Embed Pods Frameworks */,
			);
			buildRules = (
			);
			dependencies = (
			);
			name = "ToDo List";
			productName = "ToDo List";
			productReference = 844190D429DEF83100C5BF39 /* ToDo List.app */;
			productType = "com.apple.product-type.application";
		};
/* End PBXNativeTarget section */

/* Begin PBXProject section */
		844190CC29DEF83100C5BF39 /* Project object */ = {
			isa = PBXProject;
			attributes = {
				BuildIndependentTargetsInParallel = 1;
				LastSwiftUpdateCheck = 1420;
				LastUpgradeCheck = 1420;
				TargetAttributes = {
					844190D329DEF83100C5BF39 = {
						CreatedOnToolsVersion = 14.2;
					};
				};
			};
			buildConfigurationList = 844190CF29DEF83100C5BF39 /* Build configuration list for PBXProject "ToDo List" */;
			compatibilityVersion = "Xcode 14.0";
			developmentRegion = en;
			hasScannedForEncodings = 0;
			knownRegions = (
				en,
				Base,
			);
			mainGroup = 844190CB29DEF83000C5BF39;
			productRefGroup = 844190D529DEF83100C5BF39 /* Products */;
			projectDirPath = "";
			projectRoot = "";
			targets = (
				844190D329DEF83100C5BF39 /* ToDo List */,
			);
		};
/* End PBXProject section */

/* Begin PBXResourcesBuildPhase section */
		844190D229DEF83100C5BF39 /* Resources */ = {
			isa = PBXResourcesBuildPhase;
			buildActionMask = 2147483647;
			files = (
				844190E729DEF83600C5BF39 /* LaunchScreen.storyboard in Resources */,
				844190E429DEF83600C5BF39 /* Assets.xcassets in Resources */,
			);
			runOnlyForDeploymentPostprocessing = 0;
		};
/* End PBXResourcesBuildPhase section */

/* Begin PBXShellScriptBuildPhase section */
		20A3FD85FF1992C5EBF332C5 /* [CP] Check Pods Manifest.lock */ = {
			isa = PBXShellScriptBuildPhase;
			buildActionMask = 2147483647;
			files = (
			);
			inputFileListPaths = (
			);
			inputPaths = (
				"${PODS_PODFILE_DIR_PATH}/Podfile.lock",
				"${PODS_ROOT}/Manifest.lock",
			);
			name = "[CP] Check Pods Manifest.lock";
			outputFileListPaths = (
			);
			outputPaths = (
				"$(DERIVED_FILE_DIR)/Pods-ToDo List-checkManifestLockResult.txt",
			);
			runOnlyForDeploymentPostprocessing = 0;
			shellPath = /bin/sh;
			shellScript = "diff \"${PODS_PODFILE_DIR_PATH}/Podfile.lock\" \"${PODS_ROOT}/Manifest.lock\" > /dev/null\nif [ $? != 0 ] ; then\n    # print error to STDERR\n    echo \"error: The sandbox is not in sync with the Podfile.lock. Run 'pod install' or update your CocoaPods installation.\" >&2\n    exit 1\nfi\n# This output is used by Xcode 'outputs' to avoid re-running this script phase.\necho \"SUCCESS\" > \"${SCRIPT_OUTPUT_FILE_0}\"\n";
			showEnvVarsInLog = 0;
		};
		3C2E66ED6F7D4513FDFECB0D /* [CP] Embed Pods Frameworks */ = {
			isa = PBXShellScriptBuildPhase;
			buildActionMask = 2147483647;
			files = (
			);
			inputFileListPaths = (
				"${PODS_ROOT}/Target Support Files/Pods-ToDo List/Pods-ToDo List-frameworks-${CONFIGURATION}-input-files.xcfilelist",
			);
			name = "[CP] Embed Pods Frameworks";
			outputFileListPaths = (
				"${PODS_ROOT}/Target Support Files/Pods-ToDo List/Pods-ToDo List-frameworks-${CONFIGURATION}-output-files.xcfilelist",
			);
			runOnlyForDeploymentPostprocessing = 0;
			shellPath = /bin/sh;
			shellScript = "\"${PODS_ROOT}/Target Support Files/Pods-ToDo List/Pods-ToDo List-frameworks.sh\"\n";
			showEnvVarsInLog = 0;
		};
/* End PBXShellScriptBuildPhase section */

/* Begin PBXSourcesBuildPhase section */
		844190D029DEF83100C5BF39 /* Sources */ = {
			isa = PBXSourcesBuildPhase;
			buildActionMask = 2147483647;
			files = (
				844190DC29DEF83100C5BF39 /* ItemsViewController.swift in Sources */,
				844190D829DEF83100C5BF39 /* AppDelegate.swift in Sources */,
				8495248D2A264B1A002E5112 /* CreateViewController.swift in Sources */,
				844190DA29DEF83100C5BF39 /* SceneDelegate.swift in Sources */,
				843F16B32A0925FD00F88BA8 /* ItemManager.swift in Sources */,
				8495248F2A270399002E5112 /* Constants.swift in Sources */,
				844190E229DEF83100C5BF39 /* ToDo_List.xcdatamodeld in Sources */,
				84B2A9A82A02944C0019DECF /* MainTableViewCell.swift in Sources */,
				84B2A9AD2A02A6AD0019DECF /* SectionViewController.swift in Sources */,
				84A5152C2A259E3600EF4BF5 /* SectionManager.swift in Sources */,
			);
			runOnlyForDeploymentPostprocessing = 0;
		};
/* End PBXSourcesBuildPhase section */

/* Begin PBXVariantGroup section */
		844190E529DEF83600C5BF39 /* LaunchScreen.storyboard */ = {
			isa = PBXVariantGroup;
			children = (
				844190E629DEF83600C5BF39 /* Base */,
			);
			name = LaunchScreen.storyboard;
			sourceTree = "<group>";
		};
/* End PBXVariantGroup section */

/* Begin XCBuildConfiguration section */
		844190E929DEF83600C5BF39 /* Debug */ = {
			isa = XCBuildConfiguration;
			buildSettings = {
				ALWAYS_SEARCH_USER_PATHS = NO;
				CLANG_ANALYZER_NONNULL = YES;
				CLANG_ANALYZER_NUMBER_OBJECT_CONVERSION = YES_AGGRESSIVE;
				CLANG_CXX_LANGUAGE_STANDARD = "gnu++20";
				CLANG_ENABLE_MODULES = YES;
				CLANG_ENABLE_OBJC_ARC = YES;
				CLANG_ENABLE_OBJC_WEAK = YES;
				CLANG_WARN_BLOCK_CAPTURE_AUTORELEASING = YES;
				CLANG_WARN_BOOL_CONVERSION = YES;
				CLANG_WARN_COMMA = YES;
				CLANG_WARN_CONSTANT_CONVERSION = YES;
				CLANG_WARN_DEPRECATED_OBJC_IMPLEMENTATIONS = YES;
				CLANG_WARN_DIRECT_OBJC_ISA_USAGE = YES_ERROR;
				CLANG_WARN_DOCUMENTATION_COMMENTS = YES;
				CLANG_WARN_EMPTY_BODY = YES;
				CLANG_WARN_ENUM_CONVERSION = YES;
				CLANG_WARN_INFINITE_RECURSION = YES;
				CLANG_WARN_INT_CONVERSION = YES;
				CLANG_WARN_NON_LITERAL_NULL_CONVERSION = YES;
				CLANG_WARN_OBJC_IMPLICIT_RETAIN_SELF = YES;
				CLANG_WARN_OBJC_LITERAL_CONVERSION = YES;
				CLANG_WARN_OBJC_ROOT_CLASS = YES_ERROR;
				CLANG_WARN_QUOTED_INCLUDE_IN_FRAMEWORK_HEADER = YES;
				CLANG_WARN_RANGE_LOOP_ANALYSIS = YES;
				CLANG_WARN_STRICT_PROTOTYPES = YES;
				CLANG_WARN_SUSPICIOUS_MOVE = YES;
				CLANG_WARN_UNGUARDED_AVAILABILITY = YES_AGGRESSIVE;
				CLANG_WARN_UNREACHABLE_CODE = YES;
				CLANG_WARN__DUPLICATE_METHOD_MATCH = YES;
				COPY_PHASE_STRIP = NO;
				DEBUG_INFORMATION_FORMAT = dwarf;
				ENABLE_STRICT_OBJC_MSGSEND = YES;
				ENABLE_TESTABILITY = YES;
				GCC_C_LANGUAGE_STANDARD = gnu11;
				GCC_DYNAMIC_NO_PIC = NO;
				GCC_NO_COMMON_BLOCKS = YES;
				GCC_OPTIMIZATION_LEVEL = 0;
				GCC_PREPROCESSOR_DEFINITIONS = (
					"DEBUG=1",
					"$(inherited)",
				);
				GCC_WARN_64_TO_32_BIT_CONVERSION = YES;
				GCC_WARN_ABOUT_RETURN_TYPE = YES_ERROR;
				GCC_WARN_UNDECLARED_SELECTOR = YES;
				GCC_WARN_UNINITIALIZED_AUTOS = YES_AGGRESSIVE;
				GCC_WARN_UNUSED_FUNCTION = YES;
				GCC_WARN_UNUSED_VARIABLE = YES;
				IPHONEOS_DEPLOYMENT_TARGET = 16.2;
				MTL_ENABLE_DEBUG_INFO = INCLUDE_SOURCE;
				MTL_FAST_MATH = YES;
				ONLY_ACTIVE_ARCH = YES;
				SDKROOT = iphoneos;
				SWIFT_ACTIVE_COMPILATION_CONDITIONS = DEBUG;
				SWIFT_OPTIMIZATION_LEVEL = "-Onone";
			};
			name = Debug;
		};
		844190EA29DEF83600C5BF39 /* Release */ = {
			isa = XCBuildConfiguration;
			buildSettings = {
				ALWAYS_SEARCH_USER_PATHS = NO;
				CLANG_ANALYZER_NONNULL = YES;
				CLANG_ANALYZER_NUMBER_OBJECT_CONVERSION = YES_AGGRESSIVE;
				CLANG_CXX_LANGUAGE_STANDARD = "gnu++20";
				CLANG_ENABLE_MODULES = YES;
				CLANG_ENABLE_OBJC_ARC = YES;
				CLANG_ENABLE_OBJC_WEAK = YES;
				CLANG_WARN_BLOCK_CAPTURE_AUTORELEASING = YES;
				CLANG_WARN_BOOL_CONVERSION = YES;
				CLANG_WARN_COMMA = YES;
				CLANG_WARN_CONSTANT_CONVERSION = YES;
				CLANG_WARN_DEPRECATED_OBJC_IMPLEMENTATIONS = YES;
				CLANG_WARN_DIRECT_OBJC_ISA_USAGE = YES_ERROR;
				CLANG_WARN_DOCUMENTATION_COMMENTS = YES;
				CLANG_WARN_EMPTY_BODY = YES;
				CLANG_WARN_ENUM_CONVERSION = YES;
				CLANG_WARN_INFINITE_RECURSION = YES;
				CLANG_WARN_INT_CONVERSION = YES;
				CLANG_WARN_NON_LITERAL_NULL_CONVERSION = YES;
				CLANG_WARN_OBJC_IMPLICIT_RETAIN_SELF = YES;
				CLANG_WARN_OBJC_LITERAL_CONVERSION = YES;
				CLANG_WARN_OBJC_ROOT_CLASS = YES_ERROR;
				CLANG_WARN_QUOTED_INCLUDE_IN_FRAMEWORK_HEADER = YES;
				CLANG_WARN_RANGE_LOOP_ANALYSIS = YES;
				CLANG_WARN_STRICT_PROTOTYPES = YES;
				CLANG_WARN_SUSPICIOUS_MOVE = YES;
				CLANG_WARN_UNGUARDED_AVAILABILITY = YES_AGGRESSIVE;
				CLANG_WARN_UNREACHABLE_CODE = YES;
				CLANG_WARN__DUPLICATE_METHOD_MATCH = YES;
				COPY_PHASE_STRIP = NO;
				DEBUG_INFORMATION_FORMAT = "dwarf-with-dsym";
				ENABLE_NS_ASSERTIONS = NO;
				ENABLE_STRICT_OBJC_MSGSEND = YES;
				GCC_C_LANGUAGE_STANDARD = gnu11;
				GCC_NO_COMMON_BLOCKS = YES;
				GCC_WARN_64_TO_32_BIT_CONVERSION = YES;
				GCC_WARN_ABOUT_RETURN_TYPE = YES_ERROR;
				GCC_WARN_UNDECLARED_SELECTOR = YES;
				GCC_WARN_UNINITIALIZED_AUTOS = YES_AGGRESSIVE;
				GCC_WARN_UNUSED_FUNCTION = YES;
				GCC_WARN_UNUSED_VARIABLE = YES;
				IPHONEOS_DEPLOYMENT_TARGET = 16.2;
				MTL_ENABLE_DEBUG_INFO = NO;
				MTL_FAST_MATH = YES;
				SDKROOT = iphoneos;
				SWIFT_COMPILATION_MODE = wholemodule;
				SWIFT_OPTIMIZATION_LEVEL = "-O";
				VALIDATE_PRODUCT = YES;
			};
			name = Release;
		};
		844190EC29DEF83600C5BF39 /* Debug */ = {
			isa = XCBuildConfiguration;
			baseConfigurationReference = 16A1A5DC3D0786205EFAFD69 /* Pods-ToDo List.debug.xcconfig */;
			buildSettings = {
				ASSETCATALOG_COMPILER_APPICON_NAME = AppIcon;
				ASSETCATALOG_COMPILER_GLOBAL_ACCENT_COLOR_NAME = AccentColor;
				CODE_SIGN_STYLE = Automatic;
				CURRENT_PROJECT_VERSION = 1;
				DEVELOPMENT_TEAM = L3N8NDWZJN;
				GENERATE_INFOPLIST_FILE = YES;
				INFOPLIST_FILE = "ToDo List/Info.plist";
				INFOPLIST_KEY_UIApplicationSupportsIndirectInputEvents = YES;
				INFOPLIST_KEY_UILaunchStoryboardName = LaunchScreen;
				INFOPLIST_KEY_UISupportedInterfaceOrientations_iPad = "UIInterfaceOrientationPortrait UIInterfaceOrientationPortraitUpsideDown UIInterfaceOrientationLandscapeLeft UIInterfaceOrientationLandscapeRight";
				INFOPLIST_KEY_UISupportedInterfaceOrientations_iPhone = "UIInterfaceOrientationPortrait UIInterfaceOrientationLandscapeLeft UIInterfaceOrientationLandscapeRight";
				LD_RUNPATH_SEARCH_PATHS = (
					"$(inherited)",
					"@executable_path/Frameworks",
				);
				MARKETING_VERSION = 1.0;
				PRODUCT_BUNDLE_IDENTIFIER = "sdu.edu.arujan.kz.ToDo-List";
				PRODUCT_NAME = "$(TARGET_NAME)";
				SWIFT_EMIT_LOC_STRINGS = YES;
				SWIFT_VERSION = 5.0;
				TARGETED_DEVICE_FAMILY = "1,2";
			};
			name = Debug;
		};
		844190ED29DEF83600C5BF39 /* Release */ = {
			isa = XCBuildConfiguration;
			baseConfigurationReference = 081E74F4281BCF03168CE451 /* Pods-ToDo List.release.xcconfig */;
			buildSettings = {
				ASSETCATALOG_COMPILER_APPICON_NAME = AppIcon;
				ASSETCATALOG_COMPILER_GLOBAL_ACCENT_COLOR_NAME = AccentColor;
				CODE_SIGN_STYLE = Automatic;
				CURRENT_PROJECT_VERSION = 1;
				DEVELOPMENT_TEAM = L3N8NDWZJN;
				GENERATE_INFOPLIST_FILE = YES;
				INFOPLIST_FILE = "ToDo List/Info.plist";
				INFOPLIST_KEY_UIApplicationSupportsIndirectInputEvents = YES;
				INFOPLIST_KEY_UILaunchStoryboardName = LaunchScreen;
				INFOPLIST_KEY_UISupportedInterfaceOrientations_iPad = "UIInterfaceOrientationPortrait UIInterfaceOrientationPortraitUpsideDown UIInterfaceOrientationLandscapeLeft UIInterfaceOrientationLandscapeRight";
				INFOPLIST_KEY_UISupportedInterfaceOrientations_iPhone = "UIInterfaceOrientationPortrait UIInterfaceOrientationLandscapeLeft UIInterfaceOrientationLandscapeRight";
				LD_RUNPATH_SEARCH_PATHS = (
					"$(inherited)",
					"@executable_path/Frameworks",
				);
				MARKETING_VERSION = 1.0;
				PRODUCT_BUNDLE_IDENTIFIER = "sdu.edu.arujan.kz.ToDo-List";
				PRODUCT_NAME = "$(TARGET_NAME)";
				SWIFT_EMIT_LOC_STRINGS = YES;
				SWIFT_VERSION = 5.0;
				TARGETED_DEVICE_FAMILY = "1,2";
			};
			name = Release;
		};
/* End XCBuildConfiguration section */

/* Begin XCConfigurationList section */
		844190CF29DEF83100C5BF39 /* Build configuration list for PBXProject "ToDo List" */ = {
			isa = XCConfigurationList;
			buildConfigurations = (
				844190E929DEF83600C5BF39 /* Debug */,
				844190EA29DEF83600C5BF39 /* Release */,
			);
			defaultConfigurationIsVisible = 0;
			defaultConfigurationName = Release;
		};
		844190EB29DEF83600C5BF39 /* Build configuration list for PBXNativeTarget "ToDo List" */ = {
			isa = XCConfigurationList;
			buildConfigurations = (
				844190EC29DEF83600C5BF39 /* Debug */,
				844190ED29DEF83600C5BF39 /* Release */,
			);
			defaultConfigurationIsVisible = 0;
			defaultConfigurationName = Release;
		};
/* End XCConfigurationList section */

/* Begin XCVersionGroup section */
		844190E029DEF83100C5BF39 /* ToDo_List.xcdatamodeld */ = {
			isa = XCVersionGroup;
			children = (
				844190E129DEF83100C5BF39 /* ToDo_List.xcdatamodel */,
			);
			currentVersion = 844190E129DEF83100C5BF39 /* ToDo_List.xcdatamodel */;
			path = ToDo_List.xcdatamodeld;
			sourceTree = "<group>";
			versionGroupType = wrapper.xcdatamodel;
		};
/* End XCVersionGroup section */
	};
	rootObject = 844190CC29DEF83100C5BF39 /* Project object */;
}
